// !$*UTF8*$!
{
   archiveVersion = "1";
   objectVersion = "46";
   objects = {
      OBJ_1 = {
         isa = "PBXProject";
         attributes = {
            LastUpgradeCheck = "9999";
         };
         buildConfigurationList = OBJ_2;
         compatibilityVersion = "Xcode 3.2";
         developmentRegion = "English";
         hasScannedForEncodings = "0";
         knownRegions = (
            "en",
         );
         mainGroup = OBJ_5;
         productRefGroup = OBJ_74;
         projectDirPath = ".";
         targets = (
            OBJ_90,
            OBJ_97,
            OBJ_104,
            OBJ_129,
            OBJ_133,
            OBJ_140,
            OBJ_127,
            OBJ_147,
            OBJ_131,
            OBJ_138,
            OBJ_222,
            OBJ_135,
            OBJ_143,
            OBJ_145,
            OBJ_320,
         );
      };
      OBJ_10 = {
         isa = "PBXGroup";
         children = (
            OBJ_11,
         );
         name = "Regex";
         path = "Sources/Regex";
         sourceTree = "SOURCE_ROOT";
      };
      OBJ_100 = {
         isa = "XCBuildConfiguration";
         buildSettings = {
            ENABLE_TESTABILITY = "YES";
            FRAMEWORK_SEARCH_PATHS = (
               "$(inherited)",
               "$(PLATFORM_DIR)/Developer/Library/Frameworks",
            );
            HEADER_SEARCH_PATHS = (
               "$(inherited)",
            );
            INFOPLIST_FILE = "JsonFileRevisionBase.xcodeproj/Regex_Info.plist";
            LD_RUNPATH_SEARCH_PATHS = (
               "$(TOOLCHAIN_DIR)/usr/lib/swift/macosx",
            );
            OTHER_LDFLAGS = (
               "$(inherited)",
            );
            OTHER_SWIFT_FLAGS = (
               "$(inherited)",
            );
            PRODUCT_BUNDLE_IDENTIFIER = "Regex";
            PRODUCT_MODULE_NAME = "$(TARGET_NAME:c99extidentifier)";
            PRODUCT_NAME = "$(TARGET_NAME:c99extidentifier)";
            SKIP_INSTALL = "YES";
            TARGET_NAME = "Regex";
         };
         name = "Release";
      };
      OBJ_101 = {
         isa = "PBXSourcesBuildPhase";
         files = (
            OBJ_102,
         );
      };
      OBJ_102 = {
         isa = "PBXBuildFile";
         fileRef = OBJ_11;
      };
      OBJ_103 = {
         isa = "PBXFrameworksBuildPhase";
         files = (
         );
      };
      OBJ_104 = {
         isa = "PBXNativeTarget";
         buildConfigurationList = OBJ_105;
         buildPhases = (
            OBJ_108,
            OBJ_113,
         );
         dependencies = (
            OBJ_126,
            OBJ_128,
            OBJ_130,
            OBJ_132,
            OBJ_134,
            OBJ_136,
            OBJ_137,
            OBJ_139,
            OBJ_141,
            OBJ_142,
            OBJ_144,
            OBJ_146,
         );
         name = "JsonFileChange";
         productName = "JsonFileChange";
         productReference = OBJ_77;
         productType = "com.apple.product-type.framework";
      };
      OBJ_105 = {
         isa = "XCConfigurationList";
         buildConfigurations = (
            OBJ_106,
            OBJ_107,
         );
         defaultConfigurationIsVisible = "0";
         defaultConfigurationName = "Debug";
      };
      OBJ_106 = {
         isa = "XCBuildConfiguration";
         buildSettings = {
            ENABLE_TESTABILITY = "YES";
            FRAMEWORK_SEARCH_PATHS = (
               "$(inherited)",
               "$(PLATFORM_DIR)/Developer/Library/Frameworks",
            );
            HEADER_SEARCH_PATHS = (
               "$(inherited)",
            );
            INFOPLIST_FILE = "JsonFileRevisionBase.xcodeproj/JsonFileChange_Info.plist";
            LD_RUNPATH_SEARCH_PATHS = (
               "$(TOOLCHAIN_DIR)/usr/lib/swift/macosx",
            );
            OTHER_LDFLAGS = (
               "$(inherited)",
            );
            OTHER_SWIFT_FLAGS = (
               "$(inherited)",
            );
            PRODUCT_BUNDLE_IDENTIFIER = "JsonFileChange";
            PRODUCT_MODULE_NAME = "$(TARGET_NAME:c99extidentifier)";
            PRODUCT_NAME = "$(TARGET_NAME:c99extidentifier)";
            SKIP_INSTALL = "YES";
            TARGET_NAME = "JsonFileChange";
         };
         name = "Debug";
      };
      OBJ_107 = {
         isa = "XCBuildConfiguration";
         buildSettings = {
            ENABLE_TESTABILITY = "YES";
            FRAMEWORK_SEARCH_PATHS = (
               "$(inherited)",
               "$(PLATFORM_DIR)/Developer/Library/Frameworks",
            );
            HEADER_SEARCH_PATHS = (
               "$(inherited)",
            );
            INFOPLIST_FILE = "JsonFileRevisionBase.xcodeproj/JsonFileChange_Info.plist";
            LD_RUNPATH_SEARCH_PATHS = (
               "$(TOOLCHAIN_DIR)/usr/lib/swift/macosx",
            );
            OTHER_LDFLAGS = (
               "$(inherited)",
            );
            OTHER_SWIFT_FLAGS = (
               "$(inherited)",
            );
            PRODUCT_BUNDLE_IDENTIFIER = "JsonFileChange";
            PRODUCT_MODULE_NAME = "$(TARGET_NAME:c99extidentifier)";
            PRODUCT_NAME = "$(TARGET_NAME:c99extidentifier)";
            SKIP_INSTALL = "YES";
            TARGET_NAME = "JsonFileChange";
         };
         name = "Release";
      };
      OBJ_108 = {
         isa = "PBXSourcesBuildPhase";
         files = (
            OBJ_109,
            OBJ_110,
            OBJ_111,
            OBJ_112,
         );
      };
      OBJ_109 = {
         isa = "PBXBuildFile";
         fileRef = OBJ_13;
      };
      OBJ_11 = {
         isa = "PBXFileReference";
         path = "Regex.swift";
         sourceTree = "<group>";
      };
      OBJ_110 = {
         isa = "PBXBuildFile";
         fileRef = OBJ_14;
      };
      OBJ_111 = {
         isa = "PBXBuildFile";
         fileRef = OBJ_15;
      };
      OBJ_112 = {
         isa = "PBXBuildFile";
         fileRef = OBJ_16;
      };
      OBJ_113 = {
         isa = "PBXFrameworksBuildPhase";
         files = (
            OBJ_114,
            OBJ_115,
            OBJ_116,
            OBJ_117,
            OBJ_118,
            OBJ_119,
            OBJ_120,
            OBJ_121,
            OBJ_122,
            OBJ_123,
            OBJ_124,
            OBJ_125,
         );
      };
      OBJ_114 = {
         isa = "PBXBuildFile";
         fileRef = OBJ_81;
      };
      OBJ_115 = {
         isa = "PBXBuildFile";
         fileRef = OBJ_78;
      };
      OBJ_116 = {
         isa = "PBXBuildFile";
         fileRef = OBJ_83;
      };
      OBJ_117 = {
         isa = "PBXBuildFile";
         fileRef = OBJ_79;
      };
      OBJ_118 = {
         isa = "PBXBuildFile";
         fileRef = OBJ_86;
      };
      OBJ_119 = {
         isa = "PBXBuildFile";
         fileRef = OBJ_75;
      };
      OBJ_12 = {
         isa = "PBXGroup";
         children = (
            OBJ_13,
            OBJ_14,
            OBJ_15,
            OBJ_16,
         );
         name = "JsonFileChange";
         path = "Sources/JsonFileChange";
         sourceTree = "SOURCE_ROOT";
      };
      OBJ_120 = {
         isa = "PBXBuildFile";
         fileRef = OBJ_84;
      };
      OBJ_121 = {
         isa = "PBXBuildFile";
         fileRef = OBJ_80;
      };
      OBJ_122 = {
         isa = "PBXBuildFile";
         fileRef = OBJ_76;
      };
      OBJ_123 = {
         isa = "PBXBuildFile";
         fileRef = OBJ_87;
      };
      OBJ_124 = {
         isa = "PBXBuildFile";
         fileRef = OBJ_88;
      };
      OBJ_125 = {
         isa = "PBXBuildFile";
         fileRef = OBJ_82;
      };
      OBJ_126 = {
         isa = "PBXTargetDependency";
         target = OBJ_127;
      };
      OBJ_127 = {
         isa = "PBXNativeTarget";
         buildConfigurationList = OBJ_181;
         buildPhases = (
            OBJ_184,
            OBJ_186,
         );
         dependencies = (
         );
         name = "Array";
         productName = "Array";
         productReference = OBJ_81;
         productType = "com.apple.product-type.framework";
      };
      OBJ_128 = {
         isa = "PBXTargetDependency";
         target = OBJ_129;
      };
      OBJ_129 = {
         isa = "PBXNativeTarget";
         buildConfigurationList = OBJ_148;
         buildPhases = (
            OBJ_151,
            OBJ_163,
         );
         dependencies = (
         );
         name = "AtomicValue";
         productName = "AtomicValue";
         productReference = OBJ_78;
         productType = "com.apple.product-type.framework";
      };
      OBJ_13 = {
         isa = "PBXFileReference";
         path = "JsonFileChange.swift";
         sourceTree = "<group>";
      };
      OBJ_130 = {
         isa = "PBXTargetDependency";
         target = OBJ_131;
      };
      OBJ_131 = {
         isa = "PBXNativeTarget";
         buildConfigurationList = OBJ_202;
         buildPhases = (
            OBJ_205,
            OBJ_207,
         );
         dependencies = (
         );
         name = "Dictionary";
         productName = "Dictionary";
         productReference = OBJ_83;
         productType = "com.apple.product-type.framework";
      };
      OBJ_132 = {
         isa = "PBXTargetDependency";
         target = OBJ_133;
      };
      OBJ_133 = {
         isa = "PBXNativeTarget";
         buildConfigurationList = OBJ_164;
         buildPhases = (
            OBJ_167,
            OBJ_173,
         );
         dependencies = (
         );
         name = "FileSystem";
         productName = "FileSystem";
         productReference = OBJ_79;
         productType = "com.apple.product-type.framework";
      };
      OBJ_134 = {
         isa = "PBXTargetDependency";
         target = OBJ_135;
      };
      OBJ_135 = {
         isa = "PBXNativeTarget";
         buildConfigurationList = OBJ_256;
         buildPhases = (
            OBJ_259,
            OBJ_261,
         );
         dependencies = (
         );
         name = "IndexLiteral";
         productName = "IndexLiteral";
         productReference = OBJ_86;
         productType = "com.apple.product-type.framework";
      };
      OBJ_136 = {
         isa = "PBXTargetDependency";
         target = OBJ_90;
      };
      OBJ_137 = {
         isa = "PBXTargetDependency";
         target = OBJ_138;
      };
      OBJ_138 = {
         isa = "PBXNativeTarget";
         buildConfigurationList = OBJ_208;
         buildPhases = (
            OBJ_211,
            OBJ_215,
         );
         dependencies = (
            OBJ_219,
            OBJ_220,
            OBJ_221,
         );
         name = "Json";
         productName = "Json";
         productReference = OBJ_84;
         productType = "com.apple.product-type.framework";
      };
      OBJ_139 = {
         isa = "PBXTargetDependency";
         target = OBJ_140;
      };
      OBJ_14 = {
         isa = "PBXFileReference";
         path = "JsonFileChangeFile.swift";
         sourceTree = "<group>";
      };
      OBJ_140 = {
         isa = "PBXNativeTarget";
         buildConfigurationList = OBJ_174;
         buildPhases = (
            OBJ_177,
            OBJ_180,
         );
         dependencies = (
         );
         name = "Optional";
         productName = "Optional";
         productReference = OBJ_80;
         productType = "com.apple.product-type.framework";
      };
      OBJ_141 = {
         isa = "PBXTargetDependency";
         target = OBJ_97;
      };
      OBJ_142 = {
         isa = "PBXTargetDependency";
         target = OBJ_143;
      };
      OBJ_143 = {
         isa = "PBXNativeTarget";
         buildConfigurationList = OBJ_262;
         buildPhases = (
            OBJ_265,
            OBJ_272,
         );
         dependencies = (
            OBJ_282,
            OBJ_283,
            OBJ_284,
            OBJ_285,
            OBJ_286,
            OBJ_287,
            OBJ_288,
            OBJ_289,
            OBJ_290,
         );
         name = "DataStore";
         productName = "DataStore";
         productReference = OBJ_87;
         productType = "com.apple.product-type.framework";
      };
      OBJ_144 = {
         isa = "PBXTargetDependency";
         target = OBJ_145;
      };
      OBJ_145 = {
         isa = "PBXNativeTarget";
         buildConfigurationList = OBJ_291;
         buildPhases = (
            OBJ_294,
            OBJ_299,
         );
         dependencies = (
            OBJ_310,
            OBJ_311,
            OBJ_312,
            OBJ_313,
            OBJ_314,
            OBJ_315,
            OBJ_316,
            OBJ_317,
            OBJ_318,
            OBJ_319,
         );
         name = "DatabaseFileSystem";
         productName = "DatabaseFileSystem";
         productReference = OBJ_88;
         productType = "com.apple.product-type.framework";
      };
      OBJ_146 = {
         isa = "PBXTargetDependency";
         target = OBJ_147;
      };
      OBJ_147 = {
         isa = "PBXNativeTarget";
         buildConfigurationList = OBJ_187;
         buildPhases = (
            OBJ_190,
            OBJ_193,
         );
         dependencies = (
            OBJ_198,
            OBJ_199,
            OBJ_200,
            OBJ_201,
         );
         name = "JsonTrack";
         productName = "JsonTrack";
         productReference = OBJ_82;
         productType = "com.apple.product-type.framework";
      };
      OBJ_148 = {
         isa = "XCConfigurationList";
         buildConfigurations = (
            OBJ_149,
            OBJ_150,
         );
         defaultConfigurationIsVisible = "0";
         defaultConfigurationName = "Debug";
      };
      OBJ_149 = {
         isa = "XCBuildConfiguration";
         buildSettings = {
            ENABLE_TESTABILITY = "YES";
            FRAMEWORK_SEARCH_PATHS = (
               "$(inherited)",
               "$(PLATFORM_DIR)/Developer/Library/Frameworks",
            );
            HEADER_SEARCH_PATHS = (
               "$(inherited)",
            );
            INFOPLIST_FILE = "JsonFileRevisionBase.xcodeproj/AtomicValue_Info.plist";
            LD_RUNPATH_SEARCH_PATHS = (
               "$(TOOLCHAIN_DIR)/usr/lib/swift/macosx",
            );
            OTHER_LDFLAGS = (
               "$(inherited)",
            );
            OTHER_SWIFT_FLAGS = (
               "$(inherited)",
            );
            PRODUCT_BUNDLE_IDENTIFIER = "AtomicValue";
            PRODUCT_MODULE_NAME = "$(TARGET_NAME:c99extidentifier)";
            PRODUCT_NAME = "$(TARGET_NAME:c99extidentifier)";
            SKIP_INSTALL = "YES";
            TARGET_NAME = "AtomicValue";
         };
         name = "Debug";
      };
      OBJ_15 = {
         isa = "PBXFileReference";
         path = "JsonFileChangeJson.swift";
         sourceTree = "<group>";
      };
      OBJ_150 = {
         isa = "XCBuildConfiguration";
         buildSettings = {
            ENABLE_TESTABILITY = "YES";
            FRAMEWORK_SEARCH_PATHS = (
               "$(inherited)",
               "$(PLATFORM_DIR)/Developer/Library/Frameworks",
            );
            HEADER_SEARCH_PATHS = (
               "$(inherited)",
            );
            INFOPLIST_FILE = "JsonFileRevisionBase.xcodeproj/AtomicValue_Info.plist";
            LD_RUNPATH_SEARCH_PATHS = (
               "$(TOOLCHAIN_DIR)/usr/lib/swift/macosx",
            );
            OTHER_LDFLAGS = (
               "$(inherited)",
            );
            OTHER_SWIFT_FLAGS = (
               "$(inherited)",
            );
            PRODUCT_BUNDLE_IDENTIFIER = "AtomicValue";
            PRODUCT_MODULE_NAME = "$(TARGET_NAME:c99extidentifier)";
            PRODUCT_NAME = "$(TARGET_NAME:c99extidentifier)";
            SKIP_INSTALL = "YES";
            TARGET_NAME = "AtomicValue";
         };
         name = "Release";
      };
      OBJ_151 = {
         isa = "PBXSourcesBuildPhase";
         files = (
            OBJ_152,
            OBJ_153,
            OBJ_154,
            OBJ_155,
            OBJ_156,
            OBJ_157,
            OBJ_158,
            OBJ_159,
            OBJ_160,
            OBJ_161,
            OBJ_162,
         );
      };
      OBJ_152 = {
         isa = "PBXBuildFile";
         fileRef = OBJ_18;
      };
      OBJ_153 = {
         isa = "PBXBuildFile";
         fileRef = OBJ_19;
      };
      OBJ_154 = {
         isa = "PBXBuildFile";
         fileRef = OBJ_20;
      };
      OBJ_155 = {
         isa = "PBXBuildFile";
         fileRef = OBJ_21;
      };
      OBJ_156 = {
         isa = "PBXBuildFile";
         fileRef = OBJ_22;
      };
      OBJ_157 = {
         isa = "PBXBuildFile";
         fileRef = OBJ_23;
      };
      OBJ_158 = {
         isa = "PBXBuildFile";
         fileRef = OBJ_24;
      };
      OBJ_159 = {
         isa = "PBXBuildFile";
         fileRef = OBJ_25;
      };
      OBJ_16 = {
         isa = "PBXFileReference";
         path = "JsonFileChangeProtocol.swift";
         sourceTree = "<group>";
      };
      OBJ_160 = {
         isa = "PBXBuildFile";
         fileRef = OBJ_26;
      };
      OBJ_161 = {
         isa = "PBXBuildFile";
         fileRef = OBJ_27;
      };
      OBJ_162 = {
         isa = "PBXBuildFile";
         fileRef = OBJ_28;
      };
      OBJ_163 = {
         isa = "PBXFrameworksBuildPhase";
         files = (
         );
      };
      OBJ_164 = {
         isa = "XCConfigurationList";
         buildConfigurations = (
            OBJ_165,
            OBJ_166,
         );
         defaultConfigurationIsVisible = "0";
         defaultConfigurationName = "Debug";
      };
      OBJ_165 = {
         isa = "XCBuildConfiguration";
         buildSettings = {
            ENABLE_TESTABILITY = "YES";
            FRAMEWORK_SEARCH_PATHS = (
               "$(inherited)",
               "$(PLATFORM_DIR)/Developer/Library/Frameworks",
            );
            HEADER_SEARCH_PATHS = (
               "$(inherited)",
            );
            INFOPLIST_FILE = "JsonFileRevisionBase.xcodeproj/FileSystem_Info.plist";
            LD_RUNPATH_SEARCH_PATHS = (
               "$(TOOLCHAIN_DIR)/usr/lib/swift/macosx",
            );
            OTHER_LDFLAGS = (
               "$(inherited)",
            );
            OTHER_SWIFT_FLAGS = (
               "$(inherited)",
            );
            PRODUCT_BUNDLE_IDENTIFIER = "FileSystem";
            PRODUCT_MODULE_NAME = "$(TARGET_NAME:c99extidentifier)";
            PRODUCT_NAME = "$(TARGET_NAME:c99extidentifier)";
            SKIP_INSTALL = "YES";
            TARGET_NAME = "FileSystem";
         };
         name = "Debug";
      };
      OBJ_166 = {
         isa = "XCBuildConfiguration";
         buildSettings = {
            ENABLE_TESTABILITY = "YES";
            FRAMEWORK_SEARCH_PATHS = (
               "$(inherited)",
               "$(PLATFORM_DIR)/Developer/Library/Frameworks",
            );
            HEADER_SEARCH_PATHS = (
               "$(inherited)",
            );
            INFOPLIST_FILE = "JsonFileRevisionBase.xcodeproj/FileSystem_Info.plist";
            LD_RUNPATH_SEARCH_PATHS = (
               "$(TOOLCHAIN_DIR)/usr/lib/swift/macosx",
            );
            OTHER_LDFLAGS = (
               "$(inherited)",
            );
            OTHER_SWIFT_FLAGS = (
               "$(inherited)",
            );
            PRODUCT_BUNDLE_IDENTIFIER = "FileSystem";
            PRODUCT_MODULE_NAME = "$(TARGET_NAME:c99extidentifier)";
            PRODUCT_NAME = "$(TARGET_NAME:c99extidentifier)";
            SKIP_INSTALL = "YES";
            TARGET_NAME = "FileSystem";
         };
         name = "Release";
      };
      OBJ_167 = {
         isa = "PBXSourcesBuildPhase";
         files = (
            OBJ_168,
            OBJ_169,
            OBJ_170,
            OBJ_171,
            OBJ_172,
         );
      };
      OBJ_168 = {
         isa = "PBXBuildFile";
         fileRef = OBJ_30;
      };
      OBJ_169 = {
         isa = "PBXBuildFile";
         fileRef = OBJ_31;
      };
      OBJ_17 = {
         isa = "PBXGroup";
         children = (
            OBJ_18,
            OBJ_19,
            OBJ_20,
            OBJ_21,
            OBJ_22,
            OBJ_23,
            OBJ_24,
            OBJ_25,
            OBJ_26,
            OBJ_27,
            OBJ_28,
         );
         name = "AtomicValue";
         path = "Sources/AtomicValue";
         sourceTree = "SOURCE_ROOT";
      };
      OBJ_170 = {
         isa = "PBXBuildFile";
         fileRef = OBJ_32;
      };
      OBJ_171 = {
         isa = "PBXBuildFile";
         fileRef = OBJ_33;
      };
      OBJ_172 = {
         isa = "PBXBuildFile";
         fileRef = OBJ_34;
      };
      OBJ_173 = {
         isa = "PBXFrameworksBuildPhase";
         files = (
         );
      };
      OBJ_174 = {
         isa = "XCConfigurationList";
         buildConfigurations = (
            OBJ_175,
            OBJ_176,
         );
         defaultConfigurationIsVisible = "0";
         defaultConfigurationName = "Debug";
      };
      OBJ_175 = {
         isa = "XCBuildConfiguration";
         buildSettings = {
            ENABLE_TESTABILITY = "YES";
            FRAMEWORK_SEARCH_PATHS = (
               "$(inherited)",
               "$(PLATFORM_DIR)/Developer/Library/Frameworks",
            );
            HEADER_SEARCH_PATHS = (
               "$(inherited)",
            );
            INFOPLIST_FILE = "JsonFileRevisionBase.xcodeproj/Optional_Info.plist";
            LD_RUNPATH_SEARCH_PATHS = (
               "$(TOOLCHAIN_DIR)/usr/lib/swift/macosx",
            );
            OTHER_LDFLAGS = (
               "$(inherited)",
            );
            OTHER_SWIFT_FLAGS = (
               "$(inherited)",
            );
            PRODUCT_BUNDLE_IDENTIFIER = "Optional";
            PRODUCT_MODULE_NAME = "$(TARGET_NAME:c99extidentifier)";
            PRODUCT_NAME = "$(TARGET_NAME:c99extidentifier)";
            SKIP_INSTALL = "YES";
            TARGET_NAME = "Optional";
         };
         name = "Debug";
      };
      OBJ_176 = {
         isa = "XCBuildConfiguration";
         buildSettings = {
            ENABLE_TESTABILITY = "YES";
            FRAMEWORK_SEARCH_PATHS = (
               "$(inherited)",
               "$(PLATFORM_DIR)/Developer/Library/Frameworks",
            );
            HEADER_SEARCH_PATHS = (
               "$(inherited)",
            );
            INFOPLIST_FILE = "JsonFileRevisionBase.xcodeproj/Optional_Info.plist";
            LD_RUNPATH_SEARCH_PATHS = (
               "$(TOOLCHAIN_DIR)/usr/lib/swift/macosx",
            );
            OTHER_LDFLAGS = (
               "$(inherited)",
            );
            OTHER_SWIFT_FLAGS = (
               "$(inherited)",
            );
            PRODUCT_BUNDLE_IDENTIFIER = "Optional";
            PRODUCT_MODULE_NAME = "$(TARGET_NAME:c99extidentifier)";
            PRODUCT_NAME = "$(TARGET_NAME:c99extidentifier)";
            SKIP_INSTALL = "YES";
            TARGET_NAME = "Optional";
         };
         name = "Release";
      };
      OBJ_177 = {
         isa = "PBXSourcesBuildPhase";
         files = (
            OBJ_178,
            OBJ_179,
         );
      };
      OBJ_178 = {
         isa = "PBXBuildFile";
         fileRef = OBJ_36;
      };
      OBJ_179 = {
         isa = "PBXBuildFile";
         fileRef = OBJ_37;
      };
      OBJ_18 = {
         isa = "PBXFileReference";
         path = "AtomicArray.swift";
         sourceTree = "<group>";
      };
      OBJ_180 = {
         isa = "PBXFrameworksBuildPhase";
         files = (
         );
      };
      OBJ_181 = {
         isa = "XCConfigurationList";
         buildConfigurations = (
            OBJ_182,
            OBJ_183,
         );
         defaultConfigurationIsVisible = "0";
         defaultConfigurationName = "Debug";
      };
      OBJ_182 = {
         isa = "XCBuildConfiguration";
         buildSettings = {
            ENABLE_TESTABILITY = "YES";
            FRAMEWORK_SEARCH_PATHS = (
               "$(inherited)",
               "$(PLATFORM_DIR)/Developer/Library/Frameworks",
            );
            HEADER_SEARCH_PATHS = (
               "$(inherited)",
            );
            INFOPLIST_FILE = "JsonFileRevisionBase.xcodeproj/Array_Info.plist";
            LD_RUNPATH_SEARCH_PATHS = (
               "$(TOOLCHAIN_DIR)/usr/lib/swift/macosx",
            );
            OTHER_LDFLAGS = (
               "$(inherited)",
            );
            OTHER_SWIFT_FLAGS = (
               "$(inherited)",
            );
            PRODUCT_BUNDLE_IDENTIFIER = "Array";
            PRODUCT_MODULE_NAME = "$(TARGET_NAME:c99extidentifier)";
            PRODUCT_NAME = "$(TARGET_NAME:c99extidentifier)";
            SKIP_INSTALL = "YES";
            TARGET_NAME = "Array";
         };
         name = "Debug";
      };
      OBJ_183 = {
         isa = "XCBuildConfiguration";
         buildSettings = {
            ENABLE_TESTABILITY = "YES";
            FRAMEWORK_SEARCH_PATHS = (
               "$(inherited)",
               "$(PLATFORM_DIR)/Developer/Library/Frameworks",
            );
            HEADER_SEARCH_PATHS = (
               "$(inherited)",
            );
            INFOPLIST_FILE = "JsonFileRevisionBase.xcodeproj/Array_Info.plist";
            LD_RUNPATH_SEARCH_PATHS = (
               "$(TOOLCHAIN_DIR)/usr/lib/swift/macosx",
            );
            OTHER_LDFLAGS = (
               "$(inherited)",
            );
            OTHER_SWIFT_FLAGS = (
               "$(inherited)",
            );
            PRODUCT_BUNDLE_IDENTIFIER = "Array";
            PRODUCT_MODULE_NAME = "$(TARGET_NAME:c99extidentifier)";
            PRODUCT_NAME = "$(TARGET_NAME:c99extidentifier)";
            SKIP_INSTALL = "YES";
            TARGET_NAME = "Array";
         };
         name = "Release";
      };
      OBJ_184 = {
         isa = "PBXSourcesBuildPhase";
         files = (
            OBJ_185,
         );
      };
      OBJ_185 = {
         isa = "PBXBuildFile";
         fileRef = OBJ_39;
      };
      OBJ_186 = {
         isa = "PBXFrameworksBuildPhase";
         files = (
         );
      };
      OBJ_187 = {
         isa = "XCConfigurationList";
         buildConfigurations = (
            OBJ_188,
            OBJ_189,
         );
         defaultConfigurationIsVisible = "0";
         defaultConfigurationName = "Debug";
      };
      OBJ_188 = {
         isa = "XCBuildConfiguration";
         buildSettings = {
            ENABLE_TESTABILITY = "YES";
            FRAMEWORK_SEARCH_PATHS = (
               "$(inherited)",
               "$(PLATFORM_DIR)/Developer/Library/Frameworks",
            );
            HEADER_SEARCH_PATHS = (
               "$(inherited)",
            );
            INFOPLIST_FILE = "JsonFileRevisionBase.xcodeproj/JsonTrack_Info.plist";
            LD_RUNPATH_SEARCH_PATHS = (
               "$(TOOLCHAIN_DIR)/usr/lib/swift/macosx",
            );
            OTHER_LDFLAGS = (
               "$(inherited)",
            );
            OTHER_SWIFT_FLAGS = (
               "$(inherited)",
            );
            PRODUCT_BUNDLE_IDENTIFIER = "JsonTrack";
            PRODUCT_MODULE_NAME = "$(TARGET_NAME:c99extidentifier)";
            PRODUCT_NAME = "$(TARGET_NAME:c99extidentifier)";
            SKIP_INSTALL = "YES";
            TARGET_NAME = "JsonTrack";
         };
         name = "Debug";
      };
      OBJ_189 = {
         isa = "XCBuildConfiguration";
         buildSettings = {
            ENABLE_TESTABILITY = "YES";
            FRAMEWORK_SEARCH_PATHS = (
               "$(inherited)",
               "$(PLATFORM_DIR)/Developer/Library/Frameworks",
            );
            HEADER_SEARCH_PATHS = (
               "$(inherited)",
            );
            INFOPLIST_FILE = "JsonFileRevisionBase.xcodeproj/JsonTrack_Info.plist";
            LD_RUNPATH_SEARCH_PATHS = (
               "$(TOOLCHAIN_DIR)/usr/lib/swift/macosx",
            );
            OTHER_LDFLAGS = (
               "$(inherited)",
            );
            OTHER_SWIFT_FLAGS = (
               "$(inherited)",
            );
            PRODUCT_BUNDLE_IDENTIFIER = "JsonTrack";
            PRODUCT_MODULE_NAME = "$(TARGET_NAME:c99extidentifier)";
            PRODUCT_NAME = "$(TARGET_NAME:c99extidentifier)";
            SKIP_INSTALL = "YES";
            TARGET_NAME = "JsonTrack";
         };
         name = "Release";
      };
      OBJ_19 = {
         isa = "PBXFileReference";
         path = "AtomicBool.swift";
         sourceTree = "<group>";
      };
      OBJ_190 = {
         isa = "PBXSourcesBuildPhase";
         files = (
            OBJ_191,
            OBJ_192,
         );
      };
      OBJ_191 = {
         isa = "PBXBuildFile";
         fileRef = OBJ_41;
      };
      OBJ_192 = {
         isa = "PBXBuildFile";
         fileRef = OBJ_42;
      };
      OBJ_193 = {
         isa = "PBXFrameworksBuildPhase";
         files = (
            OBJ_194,
            OBJ_195,
            OBJ_196,
            OBJ_197,
         );
      };
      OBJ_194 = {
         isa = "PBXBuildFile";
         fileRef = OBJ_81;
      };
      OBJ_195 = {
         isa = "PBXBuildFile";
         fileRef = OBJ_86;
      };
      OBJ_196 = {
         isa = "PBXBuildFile";
         fileRef = OBJ_75;
      };
      OBJ_197 = {
         isa = "PBXBuildFile";
         fileRef = OBJ_84;
      };
      OBJ_198 = {
         isa = "PBXTargetDependency";
         target = OBJ_127;
      };
      OBJ_199 = {
         isa = "PBXTargetDependency";
         target = OBJ_135;
      };
      OBJ_2 = {
         isa = "XCConfigurationList";
         buildConfigurations = (
            OBJ_3,
            OBJ_4,
         );
         defaultConfigurationIsVisible = "0";
         defaultConfigurationName = "Debug";
      };
      OBJ_20 = {
         isa = "PBXFileReference";
         path = "AtomicClosure.swift";
         sourceTree = "<group>";
      };
      OBJ_200 = {
         isa = "PBXTargetDependency";
         target = OBJ_90;
      };
      OBJ_201 = {
         isa = "PBXTargetDependency";
         target = OBJ_138;
      };
      OBJ_202 = {
         isa = "XCConfigurationList";
         buildConfigurations = (
            OBJ_203,
            OBJ_204,
         );
         defaultConfigurationIsVisible = "0";
         defaultConfigurationName = "Debug";
      };
      OBJ_203 = {
         isa = "XCBuildConfiguration";
         buildSettings = {
            ENABLE_TESTABILITY = "YES";
            FRAMEWORK_SEARCH_PATHS = (
               "$(inherited)",
               "$(PLATFORM_DIR)/Developer/Library/Frameworks",
            );
            HEADER_SEARCH_PATHS = (
               "$(inherited)",
            );
            INFOPLIST_FILE = "JsonFileRevisionBase.xcodeproj/Dictionary_Info.plist";
            LD_RUNPATH_SEARCH_PATHS = (
               "$(TOOLCHAIN_DIR)/usr/lib/swift/macosx",
            );
            OTHER_LDFLAGS = (
               "$(inherited)",
            );
            OTHER_SWIFT_FLAGS = (
               "$(inherited)",
            );
            PRODUCT_BUNDLE_IDENTIFIER = "Dictionary";
            PRODUCT_MODULE_NAME = "$(TARGET_NAME:c99extidentifier)";
            PRODUCT_NAME = "$(TARGET_NAME:c99extidentifier)";
            SKIP_INSTALL = "YES";
            TARGET_NAME = "Dictionary";
         };
         name = "Debug";
      };
      OBJ_204 = {
         isa = "XCBuildConfiguration";
         buildSettings = {
            ENABLE_TESTABILITY = "YES";
            FRAMEWORK_SEARCH_PATHS = (
               "$(inherited)",
               "$(PLATFORM_DIR)/Developer/Library/Frameworks",
            );
            HEADER_SEARCH_PATHS = (
               "$(inherited)",
            );
            INFOPLIST_FILE = "JsonFileRevisionBase.xcodeproj/Dictionary_Info.plist";
            LD_RUNPATH_SEARCH_PATHS = (
               "$(TOOLCHAIN_DIR)/usr/lib/swift/macosx",
            );
            OTHER_LDFLAGS = (
               "$(inherited)",
            );
            OTHER_SWIFT_FLAGS = (
               "$(inherited)",
            );
            PRODUCT_BUNDLE_IDENTIFIER = "Dictionary";
            PRODUCT_MODULE_NAME = "$(TARGET_NAME:c99extidentifier)";
            PRODUCT_NAME = "$(TARGET_NAME:c99extidentifier)";
            SKIP_INSTALL = "YES";
            TARGET_NAME = "Dictionary";
         };
         name = "Release";
      };
      OBJ_205 = {
         isa = "PBXSourcesBuildPhase";
         files = (
            OBJ_206,
         );
      };
      OBJ_206 = {
         isa = "PBXBuildFile";
         fileRef = OBJ_44;
      };
      OBJ_207 = {
         isa = "PBXFrameworksBuildPhase";
         files = (
         );
      };
      OBJ_208 = {
         isa = "XCConfigurationList";
         buildConfigurations = (
            OBJ_209,
            OBJ_210,
         );
         defaultConfigurationIsVisible = "0";
         defaultConfigurationName = "Debug";
      };
      OBJ_209 = {
         isa = "XCBuildConfiguration";
         buildSettings = {
            ENABLE_TESTABILITY = "YES";
            FRAMEWORK_SEARCH_PATHS = (
               "$(inherited)",
               "$(PLATFORM_DIR)/Developer/Library/Frameworks",
            );
            HEADER_SEARCH_PATHS = (
               "$(inherited)",
            );
            INFOPLIST_FILE = "JsonFileRevisionBase.xcodeproj/Json_Info.plist";
            LD_RUNPATH_SEARCH_PATHS = (
               "$(TOOLCHAIN_DIR)/usr/lib/swift/macosx",
            );
            OTHER_LDFLAGS = (
               "$(inherited)",
            );
            OTHER_SWIFT_FLAGS = (
               "$(inherited)",
            );
            PRODUCT_BUNDLE_IDENTIFIER = "Json";
            PRODUCT_MODULE_NAME = "$(TARGET_NAME:c99extidentifier)";
            PRODUCT_NAME = "$(TARGET_NAME:c99extidentifier)";
            SKIP_INSTALL = "YES";
            TARGET_NAME = "Json";
         };
         name = "Debug";
      };
      OBJ_21 = {
         isa = "PBXFileReference";
         path = "AtomicDic.swift";
         sourceTree = "<group>";
      };
      OBJ_210 = {
         isa = "XCBuildConfiguration";
         buildSettings = {
            ENABLE_TESTABILITY = "YES";
            FRAMEWORK_SEARCH_PATHS = (
               "$(inherited)",
               "$(PLATFORM_DIR)/Developer/Library/Frameworks",
            );
            HEADER_SEARCH_PATHS = (
               "$(inherited)",
            );
            INFOPLIST_FILE = "JsonFileRevisionBase.xcodeproj/Json_Info.plist";
            LD_RUNPATH_SEARCH_PATHS = (
               "$(TOOLCHAIN_DIR)/usr/lib/swift/macosx",
            );
            OTHER_LDFLAGS = (
               "$(inherited)",
            );
            OTHER_SWIFT_FLAGS = (
               "$(inherited)",
            );
            PRODUCT_BUNDLE_IDENTIFIER = "Json";
            PRODUCT_MODULE_NAME = "$(TARGET_NAME:c99extidentifier)";
            PRODUCT_NAME = "$(TARGET_NAME:c99extidentifier)";
            SKIP_INSTALL = "YES";
            TARGET_NAME = "Json";
         };
         name = "Release";
      };
      OBJ_211 = {
         isa = "PBXSourcesBuildPhase";
         files = (
            OBJ_212,
            OBJ_213,
            OBJ_214,
         );
      };
      OBJ_212 = {
         isa = "PBXBuildFile";
         fileRef = OBJ_46;
      };
      OBJ_213 = {
         isa = "PBXBuildFile";
         fileRef = OBJ_47;
      };
      OBJ_214 = {
         isa = "PBXBuildFile";
         fileRef = OBJ_48;
      };
      OBJ_215 = {
         isa = "PBXFrameworksBuildPhase";
         files = (
            OBJ_216,
            OBJ_217,
            OBJ_218,
         );
      };
      OBJ_216 = {
         isa = "PBXBuildFile";
         fileRef = OBJ_81;
      };
      OBJ_217 = {
         isa = "PBXBuildFile";
         fileRef = OBJ_86;
      };
      OBJ_218 = {
         isa = "PBXBuildFile";
         fileRef = OBJ_75;
      };
      OBJ_219 = {
         isa = "PBXTargetDependency";
         target = OBJ_127;
      };
      OBJ_22 = {
         isa = "PBXFileReference";
         path = "AtomicInt.swift";
         sourceTree = "<group>";
      };
      OBJ_220 = {
         isa = "PBXTargetDependency";
         target = OBJ_135;
      };
      OBJ_221 = {
         isa = "PBXTargetDependency";
         target = OBJ_90;
      };
      OBJ_222 = {
         isa = "PBXNativeTarget";
         buildConfigurationList = OBJ_223;
         buildPhases = (
            OBJ_226,
            OBJ_229,
         );
         dependencies = (
            OBJ_243,
            OBJ_244,
            OBJ_245,
            OBJ_246,
            OBJ_247,
            OBJ_248,
            OBJ_249,
            OBJ_250,
            OBJ_251,
            OBJ_252,
            OBJ_253,
            OBJ_254,
            OBJ_255,
         );
         name = "JsonFileRevisionBase";
         productName = "JsonFileRevisionBase";
         productReference = OBJ_85;
         productType = "com.apple.product-type.framework";
      };
      OBJ_223 = {
         isa = "XCConfigurationList";
         buildConfigurations = (
            OBJ_224,
            OBJ_225,
         );
         defaultConfigurationIsVisible = "0";
         defaultConfigurationName = "Debug";
      };
      OBJ_224 = {
         isa = "XCBuildConfiguration";
         buildSettings = {
            ENABLE_TESTABILITY = "YES";
            FRAMEWORK_SEARCH_PATHS = (
               "$(inherited)",
               "$(PLATFORM_DIR)/Developer/Library/Frameworks",
            );
            HEADER_SEARCH_PATHS = (
               "$(inherited)",
            );
            INFOPLIST_FILE = "JsonFileRevisionBase.xcodeproj/JsonFileRevisionBase_Info.plist";
            LD_RUNPATH_SEARCH_PATHS = (
               "$(TOOLCHAIN_DIR)/usr/lib/swift/macosx",
            );
            OTHER_LDFLAGS = (
               "$(inherited)",
            );
            OTHER_SWIFT_FLAGS = (
               "$(inherited)",
            );
            PRODUCT_BUNDLE_IDENTIFIER = "JsonFileRevisionBase";
            PRODUCT_MODULE_NAME = "$(TARGET_NAME:c99extidentifier)";
            PRODUCT_NAME = "$(TARGET_NAME:c99extidentifier)";
            SKIP_INSTALL = "YES";
            TARGET_NAME = "JsonFileRevisionBase";
         };
         name = "Debug";
      };
      OBJ_225 = {
         isa = "XCBuildConfiguration";
         buildSettings = {
            ENABLE_TESTABILITY = "YES";
            FRAMEWORK_SEARCH_PATHS = (
               "$(inherited)",
               "$(PLATFORM_DIR)/Developer/Library/Frameworks",
            );
            HEADER_SEARCH_PATHS = (
               "$(inherited)",
            );
            INFOPLIST_FILE = "JsonFileRevisionBase.xcodeproj/JsonFileRevisionBase_Info.plist";
            LD_RUNPATH_SEARCH_PATHS = (
               "$(TOOLCHAIN_DIR)/usr/lib/swift/macosx",
            );
            OTHER_LDFLAGS = (
               "$(inherited)",
            );
            OTHER_SWIFT_FLAGS = (
               "$(inherited)",
            );
            PRODUCT_BUNDLE_IDENTIFIER = "JsonFileRevisionBase";
            PRODUCT_MODULE_NAME = "$(TARGET_NAME:c99extidentifier)";
            PRODUCT_NAME = "$(TARGET_NAME:c99extidentifier)";
            SKIP_INSTALL = "YES";
            TARGET_NAME = "JsonFileRevisionBase";
         };
         name = "Release";
      };
      OBJ_226 = {
         isa = "PBXSourcesBuildPhase";
         files = (
            OBJ_227,
            OBJ_228,
         );
      };
      OBJ_227 = {
         isa = "PBXBuildFile";
         fileRef = OBJ_50;
      };
      OBJ_228 = {
         isa = "PBXBuildFile";
         fileRef = OBJ_51;
      };
      OBJ_229 = {
         isa = "PBXFrameworksBuildPhase";
         files = (
            OBJ_230,
            OBJ_231,
            OBJ_232,
            OBJ_233,
            OBJ_234,
            OBJ_235,
            OBJ_236,
            OBJ_237,
            OBJ_238,
            OBJ_239,
            OBJ_240,
            OBJ_241,
            OBJ_242,
         );
      };
      OBJ_23 = {
         isa = "PBXFileReference";
         path = "AtomicQueue.swift";
         sourceTree = "<group>";
      };
      OBJ_230 = {
         isa = "PBXBuildFile";
         fileRef = OBJ_81;
      };
      OBJ_231 = {
         isa = "PBXBuildFile";
         fileRef = OBJ_78;
      };
      OBJ_232 = {
         isa = "PBXBuildFile";
         fileRef = OBJ_83;
      };
      OBJ_233 = {
         isa = "PBXBuildFile";
         fileRef = OBJ_79;
      };
      OBJ_234 = {
         isa = "PBXBuildFile";
         fileRef = OBJ_86;
      };
      OBJ_235 = {
         isa = "PBXBuildFile";
         fileRef = OBJ_75;
      };
      OBJ_236 = {
         isa = "PBXBuildFile";
         fileRef = OBJ_84;
      };
      OBJ_237 = {
         isa = "PBXBuildFile";
         fileRef = OBJ_80;
      };
      OBJ_238 = {
         isa = "PBXBuildFile";
         fileRef = OBJ_76;
      };
      OBJ_239 = {
         isa = "PBXBuildFile";
         fileRef = OBJ_87;
      };
      OBJ_24 = {
         isa = "PBXFileReference";
         path = "AtomicSet.swift";
         sourceTree = "<group>";
      };
      OBJ_240 = {
         isa = "PBXBuildFile";
         fileRef = OBJ_88;
      };
      OBJ_241 = {
         isa = "PBXBuildFile";
         fileRef = OBJ_82;
      };
      OBJ_242 = {
         isa = "PBXBuildFile";
         fileRef = OBJ_77;
      };
      OBJ_243 = {
         isa = "PBXTargetDependency";
         target = OBJ_127;
      };
      OBJ_244 = {
         isa = "PBXTargetDependency";
         target = OBJ_129;
      };
      OBJ_245 = {
         isa = "PBXTargetDependency";
         target = OBJ_131;
      };
      OBJ_246 = {
         isa = "PBXTargetDependency";
         target = OBJ_133;
      };
      OBJ_247 = {
         isa = "PBXTargetDependency";
         target = OBJ_135;
      };
      OBJ_248 = {
         isa = "PBXTargetDependency";
         target = OBJ_90;
      };
      OBJ_249 = {
         isa = "PBXTargetDependency";
         target = OBJ_138;
      };
      OBJ_25 = {
         isa = "PBXFileReference";
         path = "AtomicStack.swift";
         sourceTree = "<group>";
      };
      OBJ_250 = {
         isa = "PBXTargetDependency";
         target = OBJ_140;
      };
      OBJ_251 = {
         isa = "PBXTargetDependency";
         target = OBJ_97;
      };
      OBJ_252 = {
         isa = "PBXTargetDependency";
         target = OBJ_143;
      };
      OBJ_253 = {
         isa = "PBXTargetDependency";
         target = OBJ_145;
      };
      OBJ_254 = {
         isa = "PBXTargetDependency";
         target = OBJ_147;
      };
      OBJ_255 = {
         isa = "PBXTargetDependency";
         target = OBJ_104;
      };
      OBJ_256 = {
         isa = "XCConfigurationList";
         buildConfigurations = (
            OBJ_257,
            OBJ_258,
         );
         defaultConfigurationIsVisible = "0";
         defaultConfigurationName = "Debug";
      };
      OBJ_257 = {
         isa = "XCBuildConfiguration";
         buildSettings = {
            ENABLE_TESTABILITY = "YES";
            FRAMEWORK_SEARCH_PATHS = (
               "$(inherited)",
               "$(PLATFORM_DIR)/Developer/Library/Frameworks",
            );
            HEADER_SEARCH_PATHS = (
               "$(inherited)",
            );
            INFOPLIST_FILE = "JsonFileRevisionBase.xcodeproj/IndexLiteral_Info.plist";
            LD_RUNPATH_SEARCH_PATHS = (
               "$(TOOLCHAIN_DIR)/usr/lib/swift/macosx",
            );
            OTHER_LDFLAGS = (
               "$(inherited)",
            );
            OTHER_SWIFT_FLAGS = (
               "$(inherited)",
            );
            PRODUCT_BUNDLE_IDENTIFIER = "IndexLiteral";
            PRODUCT_MODULE_NAME = "$(TARGET_NAME:c99extidentifier)";
            PRODUCT_NAME = "$(TARGET_NAME:c99extidentifier)";
            SKIP_INSTALL = "YES";
            TARGET_NAME = "IndexLiteral";
         };
         name = "Debug";
      };
      OBJ_258 = {
         isa = "XCBuildConfiguration";
         buildSettings = {
            ENABLE_TESTABILITY = "YES";
            FRAMEWORK_SEARCH_PATHS = (
               "$(inherited)",
               "$(PLATFORM_DIR)/Developer/Library/Frameworks",
            );
            HEADER_SEARCH_PATHS = (
               "$(inherited)",
            );
            INFOPLIST_FILE = "JsonFileRevisionBase.xcodeproj/IndexLiteral_Info.plist";
            LD_RUNPATH_SEARCH_PATHS = (
               "$(TOOLCHAIN_DIR)/usr/lib/swift/macosx",
            );
            OTHER_LDFLAGS = (
               "$(inherited)",
            );
            OTHER_SWIFT_FLAGS = (
               "$(inherited)",
            );
            PRODUCT_BUNDLE_IDENTIFIER = "IndexLiteral";
            PRODUCT_MODULE_NAME = "$(TARGET_NAME:c99extidentifier)";
            PRODUCT_NAME = "$(TARGET_NAME:c99extidentifier)";
            SKIP_INSTALL = "YES";
            TARGET_NAME = "IndexLiteral";
         };
         name = "Release";
      };
      OBJ_259 = {
         isa = "PBXSourcesBuildPhase";
         files = (
            OBJ_260,
         );
      };
      OBJ_26 = {
         isa = "PBXFileReference";
         path = "AtomicValue.swift";
         sourceTree = "<group>";
      };
      OBJ_260 = {
         isa = "PBXBuildFile";
         fileRef = OBJ_53;
      };
      OBJ_261 = {
         isa = "PBXFrameworksBuildPhase";
         files = (
         );
      };
      OBJ_262 = {
         isa = "XCConfigurationList";
         buildConfigurations = (
            OBJ_263,
            OBJ_264,
         );
         defaultConfigurationIsVisible = "0";
         defaultConfigurationName = "Debug";
      };
      OBJ_263 = {
         isa = "XCBuildConfiguration";
         buildSettings = {
            ENABLE_TESTABILITY = "YES";
            FRAMEWORK_SEARCH_PATHS = (
               "$(inherited)",
               "$(PLATFORM_DIR)/Developer/Library/Frameworks",
            );
            HEADER_SEARCH_PATHS = (
               "$(inherited)",
            );
            INFOPLIST_FILE = "JsonFileRevisionBase.xcodeproj/DataStore_Info.plist";
            LD_RUNPATH_SEARCH_PATHS = (
               "$(TOOLCHAIN_DIR)/usr/lib/swift/macosx",
            );
            OTHER_LDFLAGS = (
               "$(inherited)",
            );
            OTHER_SWIFT_FLAGS = (
               "$(inherited)",
            );
            PRODUCT_BUNDLE_IDENTIFIER = "DataStore";
            PRODUCT_MODULE_NAME = "$(TARGET_NAME:c99extidentifier)";
            PRODUCT_NAME = "$(TARGET_NAME:c99extidentifier)";
            SKIP_INSTALL = "YES";
            TARGET_NAME = "DataStore";
         };
         name = "Debug";
      };
      OBJ_264 = {
         isa = "XCBuildConfiguration";
         buildSettings = {
            ENABLE_TESTABILITY = "YES";
            FRAMEWORK_SEARCH_PATHS = (
               "$(inherited)",
               "$(PLATFORM_DIR)/Developer/Library/Frameworks",
            );
            HEADER_SEARCH_PATHS = (
               "$(inherited)",
            );
            INFOPLIST_FILE = "JsonFileRevisionBase.xcodeproj/DataStore_Info.plist";
            LD_RUNPATH_SEARCH_PATHS = (
               "$(TOOLCHAIN_DIR)/usr/lib/swift/macosx",
            );
            OTHER_LDFLAGS = (
               "$(inherited)",
            );
            OTHER_SWIFT_FLAGS = (
               "$(inherited)",
            );
            PRODUCT_BUNDLE_IDENTIFIER = "DataStore";
            PRODUCT_MODULE_NAME = "$(TARGET_NAME:c99extidentifier)";
            PRODUCT_NAME = "$(TARGET_NAME:c99extidentifier)";
            SKIP_INSTALL = "YES";
            TARGET_NAME = "DataStore";
         };
         name = "Release";
      };
      OBJ_265 = {
         isa = "PBXSourcesBuildPhase";
         files = (
            OBJ_266,
            OBJ_267,
            OBJ_268,
            OBJ_269,
            OBJ_270,
            OBJ_271,
         );
      };
      OBJ_266 = {
         isa = "PBXBuildFile";
         fileRef = OBJ_55;
      };
      OBJ_267 = {
         isa = "PBXBuildFile";
         fileRef = OBJ_56;
      };
      OBJ_268 = {
         isa = "PBXBuildFile";
         fileRef = OBJ_57;
      };
      OBJ_269 = {
         isa = "PBXBuildFile";
         fileRef = OBJ_58;
      };
      OBJ_27 = {
         isa = "PBXFileReference";
         path = "Lock.swift";
         sourceTree = "<group>";
      };
      OBJ_270 = {
         isa = "PBXBuildFile";
         fileRef = OBJ_59;
      };
      OBJ_271 = {
         isa = "PBXBuildFile";
         fileRef = OBJ_60;
      };
      OBJ_272 = {
         isa = "PBXFrameworksBuildPhase";
         files = (
            OBJ_273,
            OBJ_274,
            OBJ_275,
            OBJ_276,
            OBJ_277,
            OBJ_278,
            OBJ_279,
            OBJ_280,
            OBJ_281,
         );
      };
      OBJ_273 = {
         isa = "PBXBuildFile";
         fileRef = OBJ_81;
      };
      OBJ_274 = {
         isa = "PBXBuildFile";
         fileRef = OBJ_78;
      };
      OBJ_275 = {
         isa = "PBXBuildFile";
         fileRef = OBJ_83;
      };
      OBJ_276 = {
         isa = "PBXBuildFile";
         fileRef = OBJ_79;
      };
      OBJ_277 = {
         isa = "PBXBuildFile";
         fileRef = OBJ_86;
      };
      OBJ_278 = {
         isa = "PBXBuildFile";
         fileRef = OBJ_75;
      };
      OBJ_279 = {
         isa = "PBXBuildFile";
         fileRef = OBJ_84;
      };
      OBJ_28 = {
         isa = "PBXFileReference";
         path = "RWLock.swift";
         sourceTree = "<group>";
      };
      OBJ_280 = {
         isa = "PBXBuildFile";
         fileRef = OBJ_80;
      };
      OBJ_281 = {
         isa = "PBXBuildFile";
         fileRef = OBJ_76;
      };
      OBJ_282 = {
         isa = "PBXTargetDependency";
         target = OBJ_127;
      };
      OBJ_283 = {
         isa = "PBXTargetDependency";
         target = OBJ_129;
      };
      OBJ_284 = {
         isa = "PBXTargetDependency";
         target = OBJ_131;
      };
      OBJ_285 = {
         isa = "PBXTargetDependency";
         target = OBJ_133;
      };
      OBJ_286 = {
         isa = "PBXTargetDependency";
         target = OBJ_135;
      };
      OBJ_287 = {
         isa = "PBXTargetDependency";
         target = OBJ_90;
      };
      OBJ_288 = {
         isa = "PBXTargetDependency";
         target = OBJ_138;
      };
      OBJ_289 = {
         isa = "PBXTargetDependency";
         target = OBJ_140;
      };
      OBJ_29 = {
         isa = "PBXGroup";
         children = (
            OBJ_30,
            OBJ_31,
            OBJ_32,
            OBJ_33,
            OBJ_34,
         );
         name = "FileSystem";
         path = "Sources/FileSystem";
         sourceTree = "SOURCE_ROOT";
      };
      OBJ_290 = {
         isa = "PBXTargetDependency";
         target = OBJ_97;
      };
      OBJ_291 = {
         isa = "XCConfigurationList";
         buildConfigurations = (
            OBJ_292,
            OBJ_293,
         );
         defaultConfigurationIsVisible = "0";
         defaultConfigurationName = "Debug";
      };
      OBJ_292 = {
         isa = "XCBuildConfiguration";
         buildSettings = {
            ENABLE_TESTABILITY = "YES";
            FRAMEWORK_SEARCH_PATHS = (
               "$(inherited)",
               "$(PLATFORM_DIR)/Developer/Library/Frameworks",
            );
            HEADER_SEARCH_PATHS = (
               "$(inherited)",
            );
            INFOPLIST_FILE = "JsonFileRevisionBase.xcodeproj/DatabaseFileSystem_Info.plist";
            LD_RUNPATH_SEARCH_PATHS = (
               "$(TOOLCHAIN_DIR)/usr/lib/swift/macosx",
            );
            OTHER_LDFLAGS = (
               "$(inherited)",
            );
            OTHER_SWIFT_FLAGS = (
               "$(inherited)",
            );
            PRODUCT_BUNDLE_IDENTIFIER = "DatabaseFileSystem";
            PRODUCT_MODULE_NAME = "$(TARGET_NAME:c99extidentifier)";
            PRODUCT_NAME = "$(TARGET_NAME:c99extidentifier)";
            SKIP_INSTALL = "YES";
            TARGET_NAME = "DatabaseFileSystem";
         };
         name = "Debug";
      };
      OBJ_293 = {
         isa = "XCBuildConfiguration";
         buildSettings = {
            ENABLE_TESTABILITY = "YES";
            FRAMEWORK_SEARCH_PATHS = (
               "$(inherited)",
               "$(PLATFORM_DIR)/Developer/Library/Frameworks",
            );
            HEADER_SEARCH_PATHS = (
               "$(inherited)",
            );
            INFOPLIST_FILE = "JsonFileRevisionBase.xcodeproj/DatabaseFileSystem_Info.plist";
            LD_RUNPATH_SEARCH_PATHS = (
               "$(TOOLCHAIN_DIR)/usr/lib/swift/macosx",
            );
            OTHER_LDFLAGS = (
               "$(inherited)",
            );
            OTHER_SWIFT_FLAGS = (
               "$(inherited)",
            );
            PRODUCT_BUNDLE_IDENTIFIER = "DatabaseFileSystem";
            PRODUCT_MODULE_NAME = "$(TARGET_NAME:c99extidentifier)";
            PRODUCT_NAME = "$(TARGET_NAME:c99extidentifier)";
            SKIP_INSTALL = "YES";
            TARGET_NAME = "DatabaseFileSystem";
         };
         name = "Release";
      };
      OBJ_294 = {
         isa = "PBXSourcesBuildPhase";
         files = (
            OBJ_295,
            OBJ_296,
            OBJ_297,
            OBJ_298,
         );
      };
      OBJ_295 = {
         isa = "PBXBuildFile";
         fileRef = OBJ_62;
      };
      OBJ_296 = {
         isa = "PBXBuildFile";
         fileRef = OBJ_63;
      };
      OBJ_297 = {
         isa = "PBXBuildFile";
         fileRef = OBJ_64;
      };
      OBJ_298 = {
         isa = "PBXBuildFile";
         fileRef = OBJ_65;
      };
      OBJ_299 = {
         isa = "PBXFrameworksBuildPhase";
         files = (
            OBJ_300,
            OBJ_301,
            OBJ_302,
            OBJ_303,
            OBJ_304,
            OBJ_305,
            OBJ_306,
            OBJ_307,
            OBJ_308,
            OBJ_309,
         );
      };
      OBJ_3 = {
         isa = "XCBuildConfiguration";
         buildSettings = {
            CLANG_ENABLE_OBJC_ARC = "YES";
            COMBINE_HIDPI_IMAGES = "YES";
            COPY_PHASE_STRIP = "NO";
            DEBUG_INFORMATION_FORMAT = "dwarf";
            DYLIB_INSTALL_NAME_BASE = "@rpath";
            ENABLE_NS_ASSERTIONS = "YES";
            GCC_OPTIMIZATION_LEVEL = "0";
            MACOSX_DEPLOYMENT_TARGET = "10.10";
            ONLY_ACTIVE_ARCH = "YES";
            OTHER_SWIFT_FLAGS = (
               "-DXcode",
            );
            PRODUCT_NAME = "$(TARGET_NAME)";
            SDKROOT = "macosx";
            SUPPORTED_PLATFORMS = (
               "macosx",
               "iphoneos",
               "iphonesimulator",
               "appletvos",
               "appletvsimulator",
               "watchos",
               "watchsimulator",
            );
            SWIFT_ACTIVE_COMPILATION_CONDITIONS = "SWIFT_PACKAGE";
            SWIFT_OPTIMIZATION_LEVEL = "-Onone";
            SWIFT_VERSION = "3.0";
            USE_HEADERMAP = "NO";
         };
         name = "Debug";
      };
      OBJ_30 = {
         isa = "PBXFileReference";
         path = "File.swift";
         sourceTree = "<group>";
      };
      OBJ_300 = {
         isa = "PBXBuildFile";
         fileRef = OBJ_81;
      };
      OBJ_301 = {
         isa = "PBXBuildFile";
         fileRef = OBJ_78;
      };
      OBJ_302 = {
         isa = "PBXBuildFile";
         fileRef = OBJ_83;
      };
      OBJ_303 = {
         isa = "PBXBuildFile";
         fileRef = OBJ_79;
      };
      OBJ_304 = {
         isa = "PBXBuildFile";
         fileRef = OBJ_86;
      };
      OBJ_305 = {
         isa = "PBXBuildFile";
         fileRef = OBJ_75;
      };
      OBJ_306 = {
         isa = "PBXBuildFile";
         fileRef = OBJ_84;
      };
      OBJ_307 = {
         isa = "PBXBuildFile";
         fileRef = OBJ_80;
      };
      OBJ_308 = {
         isa = "PBXBuildFile";
         fileRef = OBJ_76;
      };
      OBJ_309 = {
         isa = "PBXBuildFile";
         fileRef = OBJ_87;
      };
      OBJ_31 = {
         isa = "PBXFileReference";
         path = "FileSystem.swift";
         sourceTree = "<group>";
      };
      OBJ_310 = {
         isa = "PBXTargetDependency";
         target = OBJ_127;
      };
      OBJ_311 = {
         isa = "PBXTargetDependency";
         target = OBJ_129;
      };
      OBJ_312 = {
         isa = "PBXTargetDependency";
         target = OBJ_131;
      };
      OBJ_313 = {
         isa = "PBXTargetDependency";
         target = OBJ_133;
      };
      OBJ_314 = {
         isa = "PBXTargetDependency";
         target = OBJ_135;
      };
      OBJ_315 = {
         isa = "PBXTargetDependency";
         target = OBJ_90;
      };
      OBJ_316 = {
         isa = "PBXTargetDependency";
         target = OBJ_138;
      };
      OBJ_317 = {
         isa = "PBXTargetDependency";
         target = OBJ_140;
      };
      OBJ_318 = {
         isa = "PBXTargetDependency";
         target = OBJ_97;
      };
      OBJ_319 = {
         isa = "PBXTargetDependency";
         target = OBJ_143;
      };
      OBJ_32 = {
         isa = "PBXFileReference";
         path = "Folder.swift";
         sourceTree = "<group>";
      };
      OBJ_320 = {
         isa = "PBXNativeTarget";
         buildConfigurationList = OBJ_321;
         buildPhases = (
            OBJ_324,
            OBJ_330,
         );
         dependencies = (
            OBJ_345,
            OBJ_346,
            OBJ_347,
            OBJ_348,
            OBJ_349,
            OBJ_350,
            OBJ_351,
            OBJ_352,
            OBJ_353,
            OBJ_354,
            OBJ_355,
            OBJ_356,
            OBJ_357,
            OBJ_358,
         );
         name = "JsonFileRevisionBaseTests";
         productName = "JsonFileRevisionBaseTests";
         productReference = OBJ_89;
         productType = "com.apple.product-type.bundle.unit-test";
      };
      OBJ_321 = {
         isa = "XCConfigurationList";
         buildConfigurations = (
            OBJ_322,
            OBJ_323,
         );
         defaultConfigurationIsVisible = "0";
         defaultConfigurationName = "Debug";
      };
      OBJ_322 = {
         isa = "XCBuildConfiguration";
         buildSettings = {
            EMBEDDED_CONTENT_CONTAINS_SWIFT = "YES";
            FRAMEWORK_SEARCH_PATHS = (
               "$(inherited)",
               "$(PLATFORM_DIR)/Developer/Library/Frameworks",
            );
            HEADER_SEARCH_PATHS = (
               "$(inherited)",
            );
            INFOPLIST_FILE = "JsonFileRevisionBase.xcodeproj/JsonFileRevisionBaseTests_Info.plist";
            LD_RUNPATH_SEARCH_PATHS = (
               "@loader_path/../Frameworks",
               "@loader_path/Frameworks",
            );
            OTHER_LDFLAGS = (
               "$(inherited)",
            );
            OTHER_SWIFT_FLAGS = (
               "$(inherited)",
            );
            TARGET_NAME = "JsonFileRevisionBaseTests";
         };
         name = "Debug";
      };
      OBJ_323 = {
         isa = "XCBuildConfiguration";
         buildSettings = {
            EMBEDDED_CONTENT_CONTAINS_SWIFT = "YES";
            FRAMEWORK_SEARCH_PATHS = (
               "$(inherited)",
               "$(PLATFORM_DIR)/Developer/Library/Frameworks",
            );
            HEADER_SEARCH_PATHS = (
               "$(inherited)",
            );
            INFOPLIST_FILE = "JsonFileRevisionBase.xcodeproj/JsonFileRevisionBaseTests_Info.plist";
            LD_RUNPATH_SEARCH_PATHS = (
               "@loader_path/../Frameworks",
               "@loader_path/Frameworks",
            );
            OTHER_LDFLAGS = (
               "$(inherited)",
            );
            OTHER_SWIFT_FLAGS = (
               "$(inherited)",
            );
            TARGET_NAME = "JsonFileRevisionBaseTests";
         };
         name = "Release";
      };
      OBJ_324 = {
         isa = "PBXSourcesBuildPhase";
         files = (
            OBJ_325,
            OBJ_326,
            OBJ_327,
            OBJ_328,
            OBJ_329,
         );
      };
      OBJ_325 = {
         isa = "PBXBuildFile";
         fileRef = OBJ_69;
      };
      OBJ_326 = {
         isa = "PBXBuildFile";
         fileRef = OBJ_70;
      };
      OBJ_327 = {
         isa = "PBXBuildFile";
         fileRef = OBJ_71;
      };
      OBJ_328 = {
         isa = "PBXBuildFile";
         fileRef = OBJ_72;
      };
      OBJ_329 = {
         isa = "PBXBuildFile";
         fileRef = OBJ_73;
      };
      OBJ_33 = {
         isa = "PBXFileReference";
         path = "Resource.swift";
         sourceTree = "<group>";
      };
      OBJ_330 = {
         isa = "PBXFrameworksBuildPhase";
         files = (
            OBJ_331,
            OBJ_332,
            OBJ_333,
            OBJ_334,
            OBJ_335,
            OBJ_336,
            OBJ_337,
            OBJ_338,
            OBJ_339,
            OBJ_340,
            OBJ_341,
            OBJ_342,
            OBJ_343,
            OBJ_344,
         );
      };
      OBJ_331 = {
         isa = "PBXBuildFile";
         fileRef = OBJ_81;
      };
      OBJ_332 = {
         isa = "PBXBuildFile";
         fileRef = OBJ_78;
      };
      OBJ_333 = {
         isa = "PBXBuildFile";
         fileRef = OBJ_83;
      };
      OBJ_334 = {
         isa = "PBXBuildFile";
         fileRef = OBJ_79;
      };
      OBJ_335 = {
         isa = "PBXBuildFile";
         fileRef = OBJ_86;
      };
      OBJ_336 = {
         isa = "PBXBuildFile";
         fileRef = OBJ_75;
      };
      OBJ_337 = {
         isa = "PBXBuildFile";
         fileRef = OBJ_84;
      };
      OBJ_338 = {
         isa = "PBXBuildFile";
         fileRef = OBJ_80;
      };
      OBJ_339 = {
         isa = "PBXBuildFile";
         fileRef = OBJ_76;
      };
      OBJ_34 = {
         isa = "PBXFileReference";
         path = "SymbolFile.swift";
         sourceTree = "<group>";
      };
      OBJ_340 = {
         isa = "PBXBuildFile";
         fileRef = OBJ_87;
      };
      OBJ_341 = {
         isa = "PBXBuildFile";
         fileRef = OBJ_88;
      };
      OBJ_342 = {
         isa = "PBXBuildFile";
         fileRef = OBJ_82;
      };
      OBJ_343 = {
         isa = "PBXBuildFile";
         fileRef = OBJ_77;
      };
      OBJ_344 = {
         isa = "PBXBuildFile";
         fileRef = OBJ_85;
      };
      OBJ_345 = {
         isa = "PBXTargetDependency";
         target = OBJ_127;
      };
      OBJ_346 = {
         isa = "PBXTargetDependency";
         target = OBJ_129;
      };
      OBJ_347 = {
         isa = "PBXTargetDependency";
         target = OBJ_131;
      };
      OBJ_348 = {
         isa = "PBXTargetDependency";
         target = OBJ_133;
      };
      OBJ_349 = {
         isa = "PBXTargetDependency";
         target = OBJ_135;
      };
      OBJ_35 = {
         isa = "PBXGroup";
         children = (
            OBJ_36,
            OBJ_37,
         );
         name = "Optional";
         path = "Sources/Optional";
         sourceTree = "SOURCE_ROOT";
      };
      OBJ_350 = {
         isa = "PBXTargetDependency";
         target = OBJ_90;
      };
      OBJ_351 = {
         isa = "PBXTargetDependency";
         target = OBJ_138;
      };
      OBJ_352 = {
         isa = "PBXTargetDependency";
         target = OBJ_140;
      };
      OBJ_353 = {
         isa = "PBXTargetDependency";
         target = OBJ_97;
      };
      OBJ_354 = {
         isa = "PBXTargetDependency";
         target = OBJ_143;
      };
      OBJ_355 = {
         isa = "PBXTargetDependency";
         target = OBJ_145;
      };
      OBJ_356 = {
         isa = "PBXTargetDependency";
         target = OBJ_147;
      };
      OBJ_357 = {
         isa = "PBXTargetDependency";
         target = OBJ_104;
      };
      OBJ_358 = {
         isa = "PBXTargetDependency";
         target = OBJ_222;
      };
      OBJ_36 = {
         isa = "PBXFileReference";
         path = "ArrayOptional.swift";
         sourceTree = "<group>";
      };
      OBJ_37 = {
         isa = "PBXFileReference";
         path = "Optional.swift";
         sourceTree = "<group>";
      };
      OBJ_38 = {
         isa = "PBXGroup";
         children = (
            OBJ_39,
         );
         name = "Array";
         path = "Sources/Array";
         sourceTree = "SOURCE_ROOT";
      };
      OBJ_39 = {
         isa = "PBXFileReference";
         path = "Array.swift";
         sourceTree = "<group>";
      };
      OBJ_4 = {
         isa = "XCBuildConfiguration";
         buildSettings = {
            CLANG_ENABLE_OBJC_ARC = "YES";
            COMBINE_HIDPI_IMAGES = "YES";
            COPY_PHASE_STRIP = "YES";
            DEBUG_INFORMATION_FORMAT = "dwarf-with-dsym";
            DYLIB_INSTALL_NAME_BASE = "@rpath";
            GCC_OPTIMIZATION_LEVEL = "s";
            MACOSX_DEPLOYMENT_TARGET = "10.10";
            OTHER_SWIFT_FLAGS = (
               "-DXcode",
            );
            PRODUCT_NAME = "$(TARGET_NAME)";
            SDKROOT = "macosx";
            SUPPORTED_PLATFORMS = (
               "macosx",
               "iphoneos",
               "iphonesimulator",
               "appletvos",
               "appletvsimulator",
               "watchos",
               "watchsimulator",
            );
            SWIFT_ACTIVE_COMPILATION_CONDITIONS = "SWIFT_PACKAGE";
            SWIFT_OPTIMIZATION_LEVEL = "-Owholemodule";
            SWIFT_VERSION = "3.0";
            USE_HEADERMAP = "NO";
         };
         name = "Release";
      };
      OBJ_40 = {
         isa = "PBXGroup";
         children = (
            OBJ_41,
            OBJ_42,
         );
         name = "JsonTrack";
         path = "Sources/JsonTrack";
         sourceTree = "SOURCE_ROOT";
      };
      OBJ_41 = {
         isa = "PBXFileReference";
         path = "JsonTrack.swift";
         sourceTree = "<group>";
      };
      OBJ_42 = {
         isa = "PBXFileReference";
         path = "JsonTrackChange.swift";
         sourceTree = "<group>";
      };
      OBJ_43 = {
         isa = "PBXGroup";
         children = (
            OBJ_44,
         );
         name = "Dictionary";
         path = "Sources/Dictionary";
         sourceTree = "SOURCE_ROOT";
      };
      OBJ_44 = {
         isa = "PBXFileReference";
         path = "Dictionary.swift";
         sourceTree = "<group>";
      };
      OBJ_45 = {
         isa = "PBXGroup";
         children = (
            OBJ_46,
            OBJ_47,
            OBJ_48,
         );
         name = "Json";
         path = "Sources/Json";
         sourceTree = "SOURCE_ROOT";
      };
      OBJ_46 = {
         isa = "PBXFileReference";
         path = "ArrayJson.swift";
         sourceTree = "<group>";
      };
      OBJ_47 = {
         isa = "PBXFileReference";
         path = "DictionaryJson.swift";
         sourceTree = "<group>";
      };
      OBJ_48 = {
         isa = "PBXFileReference";
         path = "Json.swift";
         sourceTree = "<group>";
      };
      OBJ_49 = {
         isa = "PBXGroup";
         children = (
            OBJ_50,
            OBJ_51,
         );
         name = "JsonFileRevisionBase";
         path = "Sources/JsonFileRevisionBase";
         sourceTree = "SOURCE_ROOT";
      };
      OBJ_5 = {
         isa = "PBXGroup";
         children = (
            OBJ_6,
            OBJ_7,
            OBJ_66,
            OBJ_74,
         );
         path = "";
         sourceTree = "<group>";
      };
      OBJ_50 = {
         isa = "PBXFileReference";
         path = "JsonFileRevisionBase.swift";
         sourceTree = "<group>";
      };
      OBJ_51 = {
         isa = "PBXFileReference";
         path = "JsonFileRevisionStruct.swift";
         sourceTree = "<group>";
      };
      OBJ_52 = {
         isa = "PBXGroup";
         children = (
            OBJ_53,
         );
         name = "IndexLiteral";
         path = "Sources/IndexLiteral";
         sourceTree = "SOURCE_ROOT";
      };
      OBJ_53 = {
         isa = "PBXFileReference";
         path = "IndexLiteral.swift";
         sourceTree = "<group>";
      };
      OBJ_54 = {
         isa = "PBXGroup";
         children = (
            OBJ_55,
            OBJ_56,
            OBJ_57,
            OBJ_58,
            OBJ_59,
            OBJ_60,
         );
         name = "DataStore";
         path = "Sources/DataStore";
         sourceTree = "SOURCE_ROOT";
      };
      OBJ_55 = {
         isa = "PBXFileReference";
         path = "DataStore.swift";
         sourceTree = "<group>";
      };
      OBJ_56 = {
         isa = "PBXFileReference";
         path = "DataStoreBackup.swift";
         sourceTree = "<group>";
      };
      OBJ_57 = {
         isa = "PBXFileReference";
         path = "DataStoreFileSystem.swift";
         sourceTree = "<group>";
      };
      OBJ_58 = {
         isa = "PBXFileReference";
         path = "DataStoreReader.swift";
         sourceTree = "<group>";
      };
      OBJ_59 = {
         isa = "PBXFileReference";
         path = "DataStoreRecord.swift";
         sourceTree = "<group>";
      };
      OBJ_6 = {
         isa = "PBXFileReference";
         explicitFileType = "sourcecode.swift";
         path = "Package.swift";
         sourceTree = "<group>";
      };
      OBJ_60 = {
         isa = "PBXFileReference";
         path = "DataStoreWriter.swift";
         sourceTree = "<group>";
      };
      OBJ_61 = {
         isa = "PBXGroup";
         children = (
            OBJ_62,
            OBJ_63,
            OBJ_64,
            OBJ_65,
         );
         name = "DatabaseFileSystem";
         path = "Sources/DatabaseFileSystem";
         sourceTree = "SOURCE_ROOT";
      };
      OBJ_62 = {
         isa = "PBXFileReference";
         path = "DataStoreFileSystemWriter.swift";
         sourceTree = "<group>";
      };
      OBJ_63 = {
         isa = "PBXFileReference";
         path = "DatabaseFileSystem.swift";
         sourceTree = "<group>";
      };
      OBJ_64 = {
         isa = "PBXFileReference";
         path = "DatabaseFileSystemCodec.swift";
         sourceTree = "<group>";
      };
      OBJ_65 = {
         isa = "PBXFileReference";
         path = "DatabaseFileSystemReader.swift";
         sourceTree = "<group>";
      };
      OBJ_66 = {
         isa = "PBXGroup";
         children = (
            OBJ_67,
         );
         name = "Tests";
         path = "";
         sourceTree = "SOURCE_ROOT";
      };
      OBJ_67 = {
         isa = "PBXGroup";
         children = (
            OBJ_68,
         );
         name = "JsonFileRevisionBaseTests";
         path = "Tests/JsonFileRevisionBaseTests";
         sourceTree = "SOURCE_ROOT";
      };
      OBJ_68 = {
         isa = "PBXGroup";
         children = (
            OBJ_69,
            OBJ_70,
            OBJ_71,
            OBJ_72,
            OBJ_73,
         );
         name = "MemoryFileSystem";
         path = "MemoryFileSystem";
         sourceTree = "<group>";
      };
      OBJ_69 = {
         isa = "PBXFileReference";
         path = "MemoryFile.swift";
         sourceTree = "<group>";
      };
      OBJ_7 = {
         isa = "PBXGroup";
         children = (
            OBJ_8,
            OBJ_10,
            OBJ_12,
            OBJ_17,
            OBJ_29,
            OBJ_35,
            OBJ_38,
            OBJ_40,
            OBJ_43,
            OBJ_45,
            OBJ_49,
            OBJ_52,
            OBJ_54,
            OBJ_61,
         );
         name = "Sources";
         path = "";
         sourceTree = "SOURCE_ROOT";
      };
      OBJ_70 = {
         isa = "PBXFileReference";
         path = "MemoryFileSystem.swift";
         sourceTree = "<group>";
      };
      OBJ_71 = {
         isa = "PBXFileReference";
         path = "MemoryFolder.swift";
         sourceTree = "<group>";
      };
      OBJ_72 = {
         isa = "PBXFileReference";
         path = "MemoryResource.swift";
         sourceTree = "<group>";
      };
      OBJ_73 = {
         isa = "PBXFileReference";
         path = "MemorySymbol.swift";
         sourceTree = "<group>";
      };
      OBJ_74 = {
         isa = "PBXGroup";
         children = (
            OBJ_75,
            OBJ_76,
            OBJ_77,
            OBJ_78,
            OBJ_79,
            OBJ_80,
            OBJ_81,
            OBJ_82,
            OBJ_83,
            OBJ_84,
            OBJ_85,
            OBJ_86,
            OBJ_87,
            OBJ_88,
            OBJ_89,
         );
         name = "Products";
         path = "";
         sourceTree = "BUILT_PRODUCTS_DIR";
      };
      OBJ_75 = {
         isa = "PBXFileReference";
         path = "Literal.framework";
         sourceTree = "BUILT_PRODUCTS_DIR";
      };
      OBJ_76 = {
         isa = "PBXFileReference";
         path = "Regex.framework";
         sourceTree = "BUILT_PRODUCTS_DIR";
      };
      OBJ_77 = {
         isa = "PBXFileReference";
         path = "JsonFileChange.framework";
         sourceTree = "BUILT_PRODUCTS_DIR";
      };
      OBJ_78 = {
         isa = "PBXFileReference";
         path = "AtomicValue.framework";
         sourceTree = "BUILT_PRODUCTS_DIR";
      };
      OBJ_79 = {
         isa = "PBXFileReference";
         path = "FileSystem.framework";
         sourceTree = "BUILT_PRODUCTS_DIR";
      };
      OBJ_8 = {
         isa = "PBXGroup";
         children = (
            OBJ_9,
         );
         name = "Literal";
         path = "Sources/Literal";
         sourceTree = "SOURCE_ROOT";
      };
      OBJ_80 = {
         isa = "PBXFileReference";
         path = "Optional.framework";
         sourceTree = "BUILT_PRODUCTS_DIR";
      };
      OBJ_81 = {
         isa = "PBXFileReference";
         path = "Array.framework";
         sourceTree = "BUILT_PRODUCTS_DIR";
      };
      OBJ_82 = {
         isa = "PBXFileReference";
         path = "JsonTrack.framework";
         sourceTree = "BUILT_PRODUCTS_DIR";
      };
      OBJ_83 = {
         isa = "PBXFileReference";
         path = "Dictionary.framework";
         sourceTree = "BUILT_PRODUCTS_DIR";
      };
      OBJ_84 = {
         isa = "PBXFileReference";
         path = "Json.framework";
         sourceTree = "BUILT_PRODUCTS_DIR";
      };
      OBJ_85 = {
         isa = "PBXFileReference";
         path = "JsonFileRevisionBase.framework";
         sourceTree = "BUILT_PRODUCTS_DIR";
      };
      OBJ_86 = {
         isa = "PBXFileReference";
         path = "IndexLiteral.framework";
         sourceTree = "BUILT_PRODUCTS_DIR";
      };
      OBJ_87 = {
         isa = "PBXFileReference";
         path = "DataStore.framework";
         sourceTree = "BUILT_PRODUCTS_DIR";
      };
      OBJ_88 = {
         isa = "PBXFileReference";
         path = "DatabaseFileSystem.framework";
         sourceTree = "BUILT_PRODUCTS_DIR";
      };
      OBJ_89 = {
         isa = "PBXFileReference";
         path = "JsonFileRevisionBaseTests.xctest";
         sourceTree = "BUILT_PRODUCTS_DIR";
      };
      OBJ_9 = {
         isa = "PBXFileReference";
         path = "Literal.swift";
         sourceTree = "<group>";
      };
      OBJ_90 = {
         isa = "PBXNativeTarget";
         buildConfigurationList = OBJ_91;
         buildPhases = (
            OBJ_94,
            OBJ_96,
         );
         dependencies = (
         );
         name = "Literal";
         productName = "Literal";
         productReference = OBJ_75;
         productType = "com.apple.product-type.framework";
      };
      OBJ_91 = {
         isa = "XCConfigurationList";
         buildConfigurations = (
            OBJ_92,
            OBJ_93,
         );
         defaultConfigurationIsVisible = "0";
         defaultConfigurationName = "Debug";
      };
      OBJ_92 = {
         isa = "XCBuildConfiguration";
         buildSettings = {
            ENABLE_TESTABILITY = "YES";
            FRAMEWORK_SEARCH_PATHS = (
               "$(inherited)",
               "$(PLATFORM_DIR)/Developer/Library/Frameworks",
            );
            HEADER_SEARCH_PATHS = (
               "$(inherited)",
            );
            INFOPLIST_FILE = "JsonFileRevisionBase.xcodeproj/Literal_Info.plist";
            LD_RUNPATH_SEARCH_PATHS = (
               "$(TOOLCHAIN_DIR)/usr/lib/swift/macosx",
            );
            OTHER_LDFLAGS = (
               "$(inherited)",
            );
            OTHER_SWIFT_FLAGS = (
               "$(inherited)",
            );
            PRODUCT_BUNDLE_IDENTIFIER = "Literal";
            PRODUCT_MODULE_NAME = "$(TARGET_NAME:c99extidentifier)";
            PRODUCT_NAME = "$(TARGET_NAME:c99extidentifier)";
            SKIP_INSTALL = "YES";
            TARGET_NAME = "Literal";
         };
         name = "Debug";
      };
      OBJ_93 = {
         isa = "XCBuildConfiguration";
         buildSettings = {
            ENABLE_TESTABILITY = "YES";
            FRAMEWORK_SEARCH_PATHS = (
               "$(inherited)",
               "$(PLATFORM_DIR)/Developer/Library/Frameworks",
            );
            HEADER_SEARCH_PATHS = (
               "$(inherited)",
            );
            INFOPLIST_FILE = "JsonFileRevisionBase.xcodeproj/Literal_Info.plist";
            LD_RUNPATH_SEARCH_PATHS = (
               "$(TOOLCHAIN_DIR)/usr/lib/swift/macosx",
            );
            OTHER_LDFLAGS = (
               "$(inherited)",
            );
            OTHER_SWIFT_FLAGS = (
               "$(inherited)",
            );
            PRODUCT_BUNDLE_IDENTIFIER = "Literal";
            PRODUCT_MODULE_NAME = "$(TARGET_NAME:c99extidentifier)";
            PRODUCT_NAME = "$(TARGET_NAME:c99extidentifier)";
            SKIP_INSTALL = "YES";
            TARGET_NAME = "Literal";
         };
         name = "Release";
      };
      OBJ_94 = {
         isa = "PBXSourcesBuildPhase";
         files = (
            OBJ_95,
         );
      };
      OBJ_95 = {
         isa = "PBXBuildFile";
         fileRef = OBJ_9;
      };
      OBJ_96 = {
         isa = "PBXFrameworksBuildPhase";
         files = (
         );
      };
      OBJ_97 = {
         isa = "PBXNativeTarget";
         buildConfigurationList = OBJ_98;
         buildPhases = (
            OBJ_101,
            OBJ_103,
         );
         dependencies = (
         );
         name = "Regex";
         productName = "Regex";
         productReference = OBJ_76;
         productType = "com.apple.product-type.framework";
      };
      OBJ_98 = {
         isa = "XCConfigurationList";
         buildConfigurations = (
            OBJ_99,
            OBJ_100,
         );
         defaultConfigurationIsVisible = "0";
         defaultConfigurationName = "Debug";
      };
      OBJ_99 = {
         isa = "XCBuildConfiguration";
         buildSettings = {
            ENABLE_TESTABILITY = "YES";
            FRAMEWORK_SEARCH_PATHS = (
               "$(inherited)",
               "$(PLATFORM_DIR)/Developer/Library/Frameworks",
            );
            HEADER_SEARCH_PATHS = (
               "$(inherited)",
            );
            INFOPLIST_FILE = "JsonFileRevisionBase.xcodeproj/Regex_Info.plist";
            LD_RUNPATH_SEARCH_PATHS = (
               "$(TOOLCHAIN_DIR)/usr/lib/swift/macosx",
            );
            OTHER_LDFLAGS = (
               "$(inherited)",
            );
            OTHER_SWIFT_FLAGS = (
               "$(inherited)",
            );
            PRODUCT_BUNDLE_IDENTIFIER = "Regex";
            PRODUCT_MODULE_NAME = "$(TARGET_NAME:c99extidentifier)";
            PRODUCT_NAME = "$(TARGET_NAME:c99extidentifier)";
            SKIP_INSTALL = "YES";
            TARGET_NAME = "Regex";
         };
         name = "Debug";
      };
   };
   rootObject = OBJ_1;
}
